
Microsoft Visual Studio Solution File, Format Version 12.00
# Visual Studio Version 17
VisualStudioVersion = 17.5.33516.290
MinimumVisualStudioVersion = 10.0.40219.1
Project("{FAE04EC0-301F-11D3-BF4B-00C04F79EFBC}") = "App_BancoDigital.Android", "App_BancoDigital\App_BancoDigital.Android\App_BancoDigital.Android.csproj", "{361D0635-0179-4148-8BFA-1B25E436A700}"
EndProject
Project("{FAE04EC0-301F-11D3-BF4B-00C04F79EFBC}") = "App_BancoDigital", "App_BancoDigital\App_BancoDigital\App_BancoDigital.csproj", "{BD4BBE5A-D665-4A8F-9EB1-25DF427DD829}"
EndProject
Global
	GlobalSection(SolutionConfigurationPlatforms) = preSolution
		Debug|Any CPU = Debug|Any CPU
		Release|Any CPU = Release|Any CPU
	EndGlobalSection
	GlobalSection(ProjectConfigurationPlatforms) = postSolution
		{361D0635-0179-4148-8BFA-1B25E436A700}.Debug|Any CPU.ActiveCfg = Debug|Any CPU
		{361D0635-0179-4148-8BFA-1B25E436A700}.Debug|Any CPU.Build.0 = Debug|Any CPU
		{361D0635-0179-4148-8BFA-1B25E436A700}.Debug|Any CPU.Deploy.0 = Debug|Any CPU
		{361D0635-0179-4148-8BFA-1B25E436A700}.Release|Any CPU.ActiveCfg = Release|Any CPU
		{361D0635-0179-4148-8BFA-1B25E436A700}.Release|Any CPU.Build.0 = Release|Any CPU
		{361D0635-0179-4148-8BFA-1B25E436A700}.Release|Any CPU.Deploy.0 = Release|Any CPU
		{BD4BBE5A-D665-4A8F-9EB1-25DF427DD829}.Debug|Any CPU.ActiveCfg = Debug|Any CPU
		{BD4BBE5A-D665-4A8F-9EB1-25DF427DD829}.Debug|Any CPU.Build.0 = Debug|Any CPU
		{BD4BBE5A-D665-4A8F-9EB1-25DF427DD829}.Debug|Any CPU.Deploy.0 = Debug|Any CPU
		{BD4BBE5A-D665-4A8F-9EB1-25DF427DD829}.Release|Any CPU.ActiveCfg = Release|Any CPU
		{BD4BBE5A-D665-4A8F-9EB1-25DF427DD829}.Release|Any CPU.Build.0 = Release|Any CPU
		{BD4BBE5A-D665-4A8F-9EB1-25DF427DD829}.Release|Any CPU.Deploy.0 = Release|Any CPU
	EndGlobalSection
	GlobalSection(SolutionProperties) = preSolution
		HideSolutionNode = FALSE
	EndGlobalSection
	GlobalSection(ExtensibilityGlobals) = postSolution
		SolutionGuid = {CB8E1258-00DE-468E-B8CF-989DC54228D5}
	EndGlobalSection
EndGlobal
